// !$*UTF8*$!
{
	archiveVersion = 1;
	classes = {
	};
	objectVersion = 55;
	objects = {

/* Begin PBXBuildFile section */
		2458301E2736CE520085C59E /* Question.swift in Sources */ = {isa = PBXBuildFile; fileRef = 2458301D2736CE520085C59E /* Question.swift */; };
		245830242737441F0085C59E /* QuizBrain.swift in Sources */ = {isa = PBXBuildFile; fileRef = 245830232737441F0085C59E /* QuizBrain.swift */; };
		24BE7DCB2730A3CC00BEFEDD /* AppDelegate.swift in Sources */ = {isa = PBXBuildFile; fileRef = 24BE7DCA2730A3CC00BEFEDD /* AppDelegate.swift */; };
		24BE7DCD2730A3CC00BEFEDD /* SceneDelegate.swift in Sources */ = {isa = PBXBuildFile; fileRef = 24BE7DCC2730A3CC00BEFEDD /* SceneDelegate.swift */; };
		24BE7DCF2730A3CC00BEFEDD /* ViewController.swift in Sources */ = {isa = PBXBuildFile; fileRef = 24BE7DCE2730A3CC00BEFEDD /* ViewController.swift */; };
		24BE7DD22730A3CC00BEFEDD /* Main.storyboard in Resources */ = {isa = PBXBuildFile; fileRef = 24BE7DD02730A3CC00BEFEDD /* Main.storyboard */; };
		24BE7DD42730A3CD00BEFEDD /* Assets.xcassets in Resources */ = {isa = PBXBuildFile; fileRef = 24BE7DD32730A3CD00BEFEDD /* Assets.xcassets */; };
		24BE7DD72730A3CD00BEFEDD /* LaunchScreen.storyboard in Resources */ = {isa = PBXBuildFile; fileRef = 24BE7DD52730A3CD00BEFEDD /* LaunchScreen.storyboard */; };
		24BE7DE22730A3CD00BEFEDD /* QuizzlerTests.swift in Sources */ = {isa = PBXBuildFile; fileRef = 24BE7DE12730A3CD00BEFEDD /* QuizzlerTests.swift */; };
		24BE7DEC2730A3CD00BEFEDD /* QuizzlerUITests.swift in Sources */ = {isa = PBXBuildFile; fileRef = 24BE7DEB2730A3CD00BEFEDD /* QuizzlerUITests.swift */; };
		24BE7DEE2730A3CD00BEFEDD /* QuizzlerUITestsLaunchTests.swift in Sources */ = {isa = PBXBuildFile; fileRef = 24BE7DED2730A3CD00BEFEDD /* QuizzlerUITestsLaunchTests.swift */; };
/* End PBXBuildFile section */

/* Begin PBXContainerItemProxy section */
		24BE7DDE2730A3CD00BEFEDD /* PBXContainerItemProxy */ = {
			isa = PBXContainerItemProxy;
			containerPortal = 24BE7DBF2730A3CC00BEFEDD /* Project object */;
			proxyType = 1;
			remoteGlobalIDString = 24BE7DC62730A3CC00BEFEDD;
			remoteInfo = Quizzler;
		};
		24BE7DE82730A3CD00BEFEDD /* PBXContainerItemProxy */ = {
			isa = PBXContainerItemProxy;
			containerPortal = 24BE7DBF2730A3CC00BEFEDD /* Project object */;
			proxyType = 1;
			remoteGlobalIDString = 24BE7DC62730A3CC00BEFEDD;
			remoteInfo = Quizzler;
		};
/* End PBXContainerItemProxy section */

/* Begin PBXFileReference section */
		2458301D2736CE520085C59E /* Question.swift */ = {isa = PBXFileReference; lastKnownFileType = sourcecode.swift; path = Question.swift; sourceTree = "<group>"; };
		245830232737441F0085C59E /* QuizBrain.swift */ = {isa = PBXFileReference; lastKnownFileType = sourcecode.swift; path = QuizBrain.swift; sourceTree = "<group>"; };
		24BE7DC72730A3CC00BEFEDD /* Quizzler.app */ = {isa = PBXFileReference; explicitFileType = wrapper.application; includeInIndex = 0; path = Quizzler.app; sourceTree = BUILT_PRODUCTS_DIR; };
		24BE7DCA2730A3CC00BEFEDD /* AppDelegate.swift */ = {isa = PBXFileReference; lastKnownFileType = sourcecode.swift; path = AppDelegate.swift; sourceTree = "<group>"; };
		24BE7DCC2730A3CC00BEFEDD /* SceneDelegate.swift */ = {isa = PBXFileReference; lastKnownFileType = sourcecode.swift; path = SceneDelegate.swift; sourceTree = "<group>"; };
		24BE7DCE2730A3CC00BEFEDD /* ViewController.swift */ = {isa = PBXFileReference; lastKnownFileType = sourcecode.swift; path = ViewController.swift; sourceTree = "<group>"; };
		24BE7DD12730A3CC00BEFEDD /* Base */ = {isa = PBXFileReference; lastKnownFileType = file.storyboard; name = Base; path = Base.lproj/Main.storyboard; sourceTree = "<group>"; };
		24BE7DD32730A3CD00BEFEDD /* Assets.xcassets */ = {isa = PBXFileReference; lastKnownFileType = folder.assetcatalog; path = Assets.xcassets; sourceTree = "<group>"; };
		24BE7DD62730A3CD00BEFEDD /* Base */ = {isa = PBXFileReference; lastKnownFileType = file.storyboard; name = Base; path = Base.lproj/LaunchScreen.storyboard; sourceTree = "<group>"; };
		24BE7DD82730A3CD00BEFEDD /* Info.plist */ = {isa = PBXFileReference; lastKnownFileType = text.plist.xml; path = Info.plist; sourceTree = "<group>"; };
		24BE7DDD2730A3CD00BEFEDD /* QuizzlerTests.xctest */ = {isa = PBXFileReference; explicitFileType = wrapper.cfbundle; includeInIndex = 0; path = QuizzlerTests.xctest; sourceTree = BUILT_PRODUCTS_DIR; };
		24BE7DE12730A3CD00BEFEDD /* QuizzlerTests.swift */ = {isa = PBXFileReference; lastKnownFileType = sourcecode.swift; path = QuizzlerTests.swift; sourceTree = "<group>"; };
		24BE7DE72730A3CD00BEFEDD /* QuizzlerUITests.xctest */ = {isa = PBXFileReference; explicitFileType = wrapper.cfbundle; includeInIndex = 0; path = QuizzlerUITests.xctest; sourceTree = BUILT_PRODUCTS_DIR; };
		24BE7DEB2730A3CD00BEFEDD /* QuizzlerUITests.swift */ = {isa = PBXFileReference; lastKnownFileType = sourcecode.swift; path = QuizzlerUITests.swift; sourceTree = "<group>"; };
		24BE7DED2730A3CD00BEFEDD /* QuizzlerUITestsLaunchTests.swift */ = {isa = PBXFileReference; lastKnownFileType = sourcecode.swift; path = QuizzlerUITestsLaunchTests.swift; sourceTree = "<group>"; };
/* End PBXFileReference section */

/* Begin PBXFrameworksBuildPhase section */
		24BE7DC42730A3CC00BEFEDD /* Frameworks */ = {
			isa = PBXFrameworksBuildPhase;
			buildActionMask = 2147483647;
			files = (
			);
			runOnlyForDeploymentPostprocessing = 0;
		};
		24BE7DDA2730A3CD00BEFEDD /* Frameworks */ = {
			isa = PBXFrameworksBuildPhase;
			buildActionMask = 2147483647;
			files = (
			);
			runOnlyForDeploymentPostprocessing = 0;
		};
		24BE7DE42730A3CD00BEFEDD /* Frameworks */ = {
			isa = PBXFrameworksBuildPhase;
			buildActionMask = 2147483647;
			files = (
			);
			runOnlyForDeploymentPostprocessing = 0;
		};
/* End PBXFrameworksBuildPhase section */

/* Begin PBXGroup section */
		24583020273742BB0085C59E /* model */ = {
			isa = PBXGroup;
			children = (
				2458301D2736CE520085C59E /* Question.swift */,
				245830232737441F0085C59E /* QuizBrain.swift */,
			);
			path = model;
			sourceTree = "<group>";
		};
		24583021273742C70085C59E /* view */ = {
			isa = PBXGroup;
			children = (
				24BE7DD02730A3CC00BEFEDD /* Main.storyboard */,
			);
			path = view;
			sourceTree = "<group>";
		};
		24583022273742D70085C59E /* controller */ = {
			isa = PBXGroup;
			children = (
				24BE7DCE2730A3CC00BEFEDD /* ViewController.swift */,
			);
			path = controller;
			sourceTree = "<group>";
		};
		24BE7DBE2730A3CC00BEFEDD = {
			isa = PBXGroup;
			children = (
				24BE7DC92730A3CC00BEFEDD /* Quizzler */,
				24BE7DE02730A3CD00BEFEDD /* QuizzlerTests */,
				24BE7DEA2730A3CD00BEFEDD /* QuizzlerUITests */,
				24BE7DC82730A3CC00BEFEDD /* Products */,
			);
			sourceTree = "<group>";
		};
		24BE7DC82730A3CC00BEFEDD /* Products */ = {
			isa = PBXGroup;
			children = (
				24BE7DC72730A3CC00BEFEDD /* Quizzler.app */,
				24BE7DDD2730A3CD00BEFEDD /* QuizzlerTests.xctest */,
				24BE7DE72730A3CD00BEFEDD /* QuizzlerUITests.xctest */,
			);
			name = Products;
			sourceTree = "<group>";
		};
		24BE7DC92730A3CC00BEFEDD /* Quizzler */ = {
			isa = PBXGroup;
			children = (
				24BE7DCA2730A3CC00BEFEDD /* AppDelegate.swift */,
				24BE7DCC2730A3CC00BEFEDD /* SceneDelegate.swift */,
				24583020273742BB0085C59E /* model */,
				24583021273742C70085C59E /* view */,
				24583022273742D70085C59E /* controller */,
				24BE7DD32730A3CD00BEFEDD /* Assets.xcassets */,
				24BE7DD52730A3CD00BEFEDD /* LaunchScreen.storyboard */,
				24BE7DD82730A3CD00BEFEDD /* Info.plist */,
			);
			path = Quizzler;
			sourceTree = "<group>";
		};
		24BE7DE02730A3CD00BEFEDD /* QuizzlerTests */ = {
			isa = PBXGroup;
			children = (
				24BE7DE12730A3CD00BEFEDD /* QuizzlerTests.swift */,
			);
			path = QuizzlerTests;
			sourceTree = "<group>";
		};
		24BE7DEA2730A3CD00BEFEDD /* QuizzlerUITests */ = {
			isa = PBXGroup;
			children = (
				24BE7DEB2730A3CD00BEFEDD /* QuizzlerUITests.swift */,
				24BE7DED2730A3CD00BEFEDD /* QuizzlerUITestsLaunchTests.swift */,
			);
			path = QuizzlerUITests;
			sourceTree = "<group>";
		};
/* End PBXGroup section */

/* Begin PBXNativeTarget section */
		24BE7DC62730A3CC00BEFEDD /* Quizzler */ = {
			isa = PBXNativeTarget;
			buildConfigurationList = 24BE7DF12730A3CD00BEFEDD /* Build configuration list for PBXNativeTarget "Quizzler" */;
			buildPhases = (
				24BE7DC32730A3CC00BEFEDD /* Sources */,
				24BE7DC42730A3CC00BEFEDD /* Frameworks */,
				24BE7DC52730A3CC00BEFEDD /* Resources */,
			);
			buildRules = (
			);
			dependencies = (
			);
			name = Quizzler;
			productName = Quizzler;
			productReference = 24BE7DC72730A3CC00BEFEDD /* Quizzler.app */;
			productType = "com.apple.product-type.application";
		};
		24BE7DDC2730A3CD00BEFEDD /* QuizzlerTests */ = {
			isa = PBXNativeTarget;
			buildConfigurationList = 24BE7DF42730A3CD00BEFEDD /* Build configuration list for PBXNativeTarget "QuizzlerTests" */;
			buildPhases = (
				24BE7DD92730A3CD00BEFEDD /* Sources */,
				24BE7DDA2730A3CD00BEFEDD /* Frameworks */,
				24BE7DDB2730A3CD00BEFEDD /* Resources */,
			);
			buildRules = (
			);
			dependencies = (
				24BE7DDF2730A3CD00BEFEDD /* PBXTargetDependency */,
			);
			name = QuizzlerTests;
			productName = QuizzlerTests;
			productReference = 24BE7DDD2730A3CD00BEFEDD /* QuizzlerTests.xctest */;
			productType = "com.apple.product-type.bundle.unit-test";
		};
		24BE7DE62730A3CD00BEFEDD /* QuizzlerUITests */ = {
			isa = PBXNativeTarget;
			buildConfigurationList = 24BE7DF72730A3CD00BEFEDD /* Build configuration list for PBXNativeTarget "QuizzlerUITests" */;
			buildPhases = (
				24BE7DE32730A3CD00BEFEDD /* Sources */,
				24BE7DE42730A3CD00BEFEDD /* Frameworks */,
				24BE7DE52730A3CD00BEFEDD /* Resources */,
			);
			buildRules = (
			);
			dependencies = (
				24BE7DE92730A3CD00BEFEDD /* PBXTargetDependency */,
			);
			name = QuizzlerUITests;
			productName = QuizzlerUITests;
			productReference = 24BE7DE72730A3CD00BEFEDD /* QuizzlerUITests.xctest */;
			productType = "com.apple.product-type.bundle.ui-testing";
		};
/* End PBXNativeTarget section */

/* Begin PBXProject section */
		24BE7DBF2730A3CC00BEFEDD /* Project object */ = {
			isa = PBXProject;
			attributes = {
				BuildIndependentTargetsInParallel = 1;
				LastSwiftUpdateCheck = 1310;
				LastUpgradeCheck = 1310;
				TargetAttributes = {
					24BE7DC62730A3CC00BEFEDD = {
						CreatedOnToolsVersion = 13.1;
					};
					24BE7DDC2730A3CD00BEFEDD = {
						CreatedOnToolsVersion = 13.1;
						TestTargetID = 24BE7DC62730A3CC00BEFEDD;
					};
					24BE7DE62730A3CD00BEFEDD = {
						CreatedOnToolsVersion = 13.1;
						TestTargetID = 24BE7DC62730A3CC00BEFEDD;
					};
				};
			};
			buildConfigurationList = 24BE7DC22730A3CC00BEFEDD /* Build configuration list for PBXProject "Quizzler" */;
			compatibilityVersion = "Xcode 13.0";
			developmentRegion = en;
			hasScannedForEncodings = 0;
			knownRegions = (
				en,
				Base,
			);
			mainGroup = 24BE7DBE2730A3CC00BEFEDD;
			productRefGroup = 24BE7DC82730A3CC00BEFEDD /* Products */;
			projectDirPath = "";
			projectRoot = "";
			targets = (
				24BE7DC62730A3CC00BEFEDD /* Quizzler */,
				24BE7DDC2730A3CD00BEFEDD /* QuizzlerTests */,
				24BE7DE62730A3CD00BEFEDD /* QuizzlerUITests */,
			);
		};
/* End PBXProject section */

/* Begin PBXResourcesBuildPhase section */
		24BE7DC52730A3CC00BEFEDD /* Resources */ = {
			isa = PBXResourcesBuildPhase;
			buildActionMask = 2147483647;
			files = (
				24BE7DD72730A3CD00BEFEDD /* LaunchScreen.storyboard in Resources */,
				24BE7DD42730A3CD00BEFEDD /* Assets.xcassets in Resources */,
				24BE7DD22730A3CC00BEFEDD /* Main.storyboard in Resources */,
			);
			runOnlyForDeploymentPostprocessing = 0;
		};
		24BE7DDB2730A3CD00BEFEDD /* Resources */ = {
			isa = PBXResourcesBuildPhase;
			buildActionMask = 2147483647;
			files = (
			);
			runOnlyForDeploymentPostprocessing = 0;
		};
		24BE7DE52730A3CD00BEFEDD /* Resources */ = {
			isa = PBXResourcesBuildPhase;
			buildActionMask = 2147483647;
			files = (
			);
			runOnlyForDeploymentPostprocessing = 0;
		};
/* End PBXResourcesBuildPhase section */

/* Begin PBXSourcesBuildPhase section */
		24BE7DC32730A3CC00BEFEDD /* Sources */ = {
			isa = PBXSourcesBuildPhase;
			buildActionMask = 2147483647;
			files = (
				24BE7DCF2730A3CC00BEFEDD /* ViewController.swift in Sources */,
				2458301E2736CE520085C59E /* Question.swift in Sources */,
				24BE7DCB2730A3CC00BEFEDD /* AppDelegate.swift in Sources */,
				24BE7DCD2730A3CC00BEFEDD /* SceneDelegate.swift in Sources */,
				245830242737441F0085C59E /* QuizBrain.swift in Sources */,
			);
			runOnlyForDeploymentPostprocessing = 0;
		};
		24BE7DD92730A3CD00BEFEDD /* Sources */ = {
			isa = PBXSourcesBuildPhase;
			buildActionMask = 2147483647;
			files = (
				24BE7DE22730A3CD00BEFEDD /* QuizzlerTests.swift in Sources */,
			);
			runOnlyForDeploymentPostprocessing = 0;
		};
		24BE7DE32730A3CD00BEFEDD /* Sources */ = {
			isa = PBXSourcesBuildPhase;
			buildActionMask = 2147483647;
			files = (
				24BE7DEE2730A3CD00BEFEDD /* QuizzlerUITestsLaunchTests.swift in Sources */,
				24BE7DEC2730A3CD00BEFEDD /* QuizzlerUITests.swift in Sources */,
			);
			runOnlyForDeploymentPostprocessing = 0;
		};
/* End PBXSourcesBuildPhase section */

/* Begin PBXTargetDependency section */
		24BE7DDF2730A3CD00BEFEDD /* PBXTargetDependency */ = {
			isa = PBXTargetDependency;
			target = 24BE7DC62730A3CC00BEFEDD /* Quizzler */;
			targetProxy = 24BE7DDE2730A3CD00BEFEDD /* PBXContainerItemProxy */;
		};
		24BE7DE92730A3CD00BEFEDD /* PBXTargetDependency */ = {
			isa = PBXTargetDependency;
			target = 24BE7DC62730A3CC00BEFEDD /* Quizzler */;
			targetProxy = 24BE7DE82730A3CD00BEFEDD /* PBXContainerItemProxy */;
		};
/* End PBXTargetDependency section */

/* Begin PBXVariantGroup section */
		24BE7DD02730A3CC00BEFEDD /* Main.storyboard */ = {
			isa = PBXVariantGroup;
			children = (
				24BE7DD12730A3CC00BEFEDD /* Base */,
			);
			name = Main.storyboard;
			sourceTree = "<group>";
		};
		24BE7DD52730A3CD00BEFEDD /* LaunchScreen.storyboard */ = {
			isa = PBXVariantGroup;
			children = (
				24BE7DD62730A3CD00BEFEDD /* Base */,
			);
			name = LaunchScreen.storyboard;
			sourceTree = "<group>";
		};
/* End PBXVariantGroup section */

/* Begin XCBuildConfiguration section */
		24BE7DEF2730A3CD00BEFEDD /* Debug */ = {
			isa = XCBuildConfiguration;
			buildSettings = {
				ALWAYS_SEARCH_USER_PATHS = NO;
				CLANG_ANALYZER_NONNULL = YES;
				CLANG_ANALYZER_NUMBER_OBJECT_CONVERSION = YES_AGGRESSIVE;
				CLANG_CXX_LANGUAGE_STANDARD = "gnu++17";
				CLANG_CXX_LIBRARY = "libc++";
				CLANG_ENABLE_MODULES = YES;
				CLANG_ENABLE_OBJC_ARC = YES;
				CLANG_ENABLE_OBJC_WEAK = YES;
				CLANG_WARN_BLOCK_CAPTURE_AUTORELEASING = YES;
				CLANG_WARN_BOOL_CONVERSION = YES;
				CLANG_WARN_COMMA = YES;
				CLANG_WARN_CONSTANT_CONVERSION = YES;
				CLANG_WARN_DEPRECATED_OBJC_IMPLEMENTATIONS = YES;
				CLANG_WARN_DIRECT_OBJC_ISA_USAGE = YES_ERROR;
				CLANG_WARN_DOCUMENTATION_COMMENTS = YES;
				CLANG_WARN_EMPTY_BODY = YES;
				CLANG_WARN_ENUM_CONVERSION = YES;
				CLANG_WARN_INFINITE_RECURSION = YES;
				CLANG_WARN_INT_CONVERSION = YES;
				CLANG_WARN_NON_LITERAL_NULL_CONVERSION = YES;
				CLANG_WARN_OBJC_IMPLICIT_RETAIN_SELF = YES;
				CLANG_WARN_OBJC_LITERAL_CONVERSION = YES;
				CLANG_WARN_OBJC_ROOT_CLASS = YES_ERROR;
				CLANG_WARN_QUOTED_INCLUDE_IN_FRAMEWORK_HEADER = YES;
				CLANG_WARN_RANGE_LOOP_ANALYSIS = YES;
				CLANG_WARN_STRICT_PROTOTYPES = YES;
				CLANG_WARN_SUSPICIOUS_MOVE = YES;
				CLANG_WARN_UNGUARDED_AVAILABILITY = YES_AGGRESSIVE;
				CLANG_WARN_UNREACHABLE_CODE = YES;
				CLANG_WARN__DUPLICATE_METHOD_MATCH = YES;
				COPY_PHASE_STRIP = NO;
				DEBUG_INFORMATION_FORMAT = dwarf;
				ENABLE_STRICT_OBJC_MSGSEND = YES;
				ENABLE_TESTABILITY = YES;
				GCC_C_LANGUAGE_STANDARD = gnu11;
				GCC_DYNAMIC_NO_PIC = NO;
				GCC_NO_COMMON_BLOCKS = YES;
				GCC_OPTIMIZATION_LEVEL = 0;
				GCC_PREPROCESSOR_DEFINITIONS = (
					"DEBUG=1",
					"$(inherited)",
				);
				GCC_WARN_64_TO_32_BIT_CONVERSION = YES;
				GCC_WARN_ABOUT_RETURN_TYPE = YES_ERROR;
				GCC_WARN_UNDECLARED_SELECTOR = YES;
				GCC_WARN_UNINITIALIZED_AUTOS = YES_AGGRESSIVE;
				GCC_WARN_UNUSED_FUNCTION = YES;
				GCC_WARN_UNUSED_VARIABLE = YES;
				IPHONEOS_DEPLOYMENT_TARGET = 15.0;
				MTL_ENABLE_DEBUG_INFO = INCLUDE_SOURCE;
				MTL_FAST_MATH = YES;
				ONLY_ACTIVE_ARCH = YES;
				SDKROOT = iphoneos;
				SWIFT_ACTIVE_COMPILATION_CONDITIONS = DEBUG;
				SWIFT_OPTIMIZATION_LEVEL = "-Onone";
			};
			name = Debug;
		};
		24BE7DF02730A3CD00BEFEDD /* Release */ = {
			isa = XCBuildConfiguration;
			buildSettings = {
				ALWAYS_SEARCH_USER_PATHS = NO;
				CLANG_ANALYZER_NONNULL = YES;
				CLANG_ANALYZER_NUMBER_OBJECT_CONVERSION = YES_AGGRESSIVE;
				CLANG_CXX_LANGUAGE_STANDARD = "gnu++17";
				CLANG_CXX_LIBRARY = "libc++";
				CLANG_ENABLE_MODULES = YES;
				CLANG_ENABLE_OBJC_ARC = YES;
				CLANG_ENABLE_OBJC_WEAK = YES;
				CLANG_WARN_BLOCK_CAPTURE_AUTORELEASING = YES;
				CLANG_WARN_BOOL_CONVERSION = YES;
				CLANG_WARN_COMMA = YES;
				CLANG_WARN_CONSTANT_CONVERSION = YES;
				CLANG_WARN_DEPRECATED_OBJC_IMPLEMENTATIONS = YES;
				CLANG_WARN_DIRECT_OBJC_ISA_USAGE = YES_ERROR;
				CLANG_WARN_DOCUMENTATION_COMMENTS = YES;
				CLANG_WARN_EMPTY_BODY = YES;
				CLANG_WARN_ENUM_CONVERSION = YES;
				CLANG_WARN_INFINITE_RECURSION = YES;
				CLANG_WARN_INT_CONVERSION = YES;
				CLANG_WARN_NON_LITERAL_NULL_CONVERSION = YES;
				CLANG_WARN_OBJC_IMPLICIT_RETAIN_SELF = YES;
				CLANG_WARN_OBJC_LITERAL_CONVERSION = YES;
				CLANG_WARN_OBJC_ROOT_CLASS = YES_ERROR;
				CLANG_WARN_QUOTED_INCLUDE_IN_FRAMEWORK_HEADER = YES;
				CLANG_WARN_RANGE_LOOP_ANALYSIS = YES;
				CLANG_WARN_STRICT_PROTOTYPES = YES;
				CLANG_WARN_SUSPICIOUS_MOVE = YES;
				CLANG_WARN_UNGUARDED_AVAILABILITY = YES_AGGRESSIVE;
				CLANG_WARN_UNREACHABLE_CODE = YES;
				CLANG_WARN__DUPLICATE_METHOD_MATCH = YES;
				COPY_PHASE_STRIP = NO;
				DEBUG_INFORMATION_FORMAT = "dwarf-with-dsym";
				ENABLE_NS_ASSERTIONS = NO;
				ENABLE_STRICT_OBJC_MSGSEND = YES;
				GCC_C_LANGUAGE_STANDARD = gnu11;
				GCC_NO_COMMON_BLOCKS = YES;
				GCC_WARN_64_TO_32_BIT_CONVERSION = YES;
				GCC_WARN_ABOUT_RETURN_TYPE = YES_ERROR;
				GCC_WARN_UNDECLARED_SELECTOR = YES;
				GCC_WARN_UNINITIALIZED_AUTOS = YES_AGGRESSIVE;
				GCC_WARN_UNUSED_FUNCTION = YES;
				GCC_WARN_UNUSED_VARIABLE = YES;
				IPHONEOS_DEPLOYMENT_TARGET = 15.0;
				MTL_ENABLE_DEBUG_INFO = NO;
				MTL_FAST_MATH = YES;
				SDKROOT = iphoneos;
				SWIFT_COMPILATION_MODE = wholemodule;
				SWIFT_OPTIMIZATION_LEVEL = "-O";
				VALIDATE_PRODUCT = YES;
			};
			name = Release;
		};
		24BE7DF22730A3CD00BEFEDD /* Debug */ = {
			isa = XCBuildConfiguration;
			buildSettings = {
				ASSETCATALOG_COMPILER_APPICON_NAME = AppIcon;
				ASSETCATALOG_COMPILER_GLOBAL_ACCENT_COLOR_NAME = AccentColor;
				CODE_SIGN_STYLE = Automatic;
				CURRENT_PROJECT_VERSION = 1;
				DEVELOPMENT_TEAM = WA88YFL86G;
				GENERATE_INFOPLIST_FILE = YES;
				INFOPLIST_FILE = Quizzler/Info.plist;
				INFOPLIST_KEY_UIApplicationSupportsIndirectInputEvents = YES;
				INFOPLIST_KEY_UILaunchStoryboardName = LaunchScreen;
				INFOPLIST_KEY_UIMainStoryboardFile = Main;
				INFOPLIST_KEY_UISupportedInterfaceOrientations_iPad = "UIInterfaceOrientationPortrait UIInterfaceOrientationPortraitUpsideDown UIInterfaceOrientationLandscapeLeft UIInterfaceOrientationLandscapeRight";
				INFOPLIST_KEY_UISupportedInterfaceOrientations_iPhone = "UIInterfaceOrientationPortrait UIInterfaceOrientationLandscapeLeft UIInterfaceOrientationLandscapeRight";
				LD_RUNPATH_SEARCH_PATHS = (
					"$(inherited)",
					"@executable_path/Frameworks",
				);
				MARKETING_VERSION = 1.0;
				PRODUCT_BUNDLE_IDENTIFIER = com.fernando.Quizzler;
				PRODUCT_NAME = "$(TARGET_NAME)";
				SWIFT_EMIT_LOC_STRINGS = YES;
				SWIFT_VERSION = 5.0;
				TARGETED_DEVICE_FAMILY = "1,2";
			};
			name = Debug;
		};
		24BE7DF32730A3CD00BEFEDD /* Release */ = {
			isa = XCBuildConfiguration;
			buildSettings = {
				ASSETCATALOG_COMPILER_APPICON_NAME = AppIcon;
				ASSETCATALOG_COMPILER_GLOBAL_ACCENT_COLOR_NAME = AccentColor;
				CODE_SIGN_STYLE = Automatic;
				CURRENT_PROJECT_VERSION = 1;
				DEVELOPMENT_TEAM = WA88YFL86G;
				GENERATE_INFOPLIST_FILE = YES;
				INFOPLIST_FILE = Quizzler/Info.plist;
				INFOPLIST_KEY_UIApplicationSupportsIndirectInputEvents = YES;
				INFOPLIST_KEY_UILaunchStoryboardName = LaunchScreen;
				INFOPLIST_KEY_UIMainStoryboardFile = Main;
				INFOPLIST_KEY_UISupportedInterfaceOrientations_iPad = "UIInterfaceOrientationPortrait UIInterfaceOrientationPortraitUpsideDown UIInterfaceOrientationLandscapeLeft UIInterfaceOrientationLandscapeRight";
				INFOPLIST_KEY_UISupportedInterfaceOrientations_iPhone = "UIInterfaceOrientationPortrait UIInterfaceOrientationLandscapeLeft UIInterfaceOrientationLandscapeRight";
				LD_RUNPATH_SEARCH_PATHS = (
					"$(inherited)",
					"@executable_path/Frameworks",
				);
				MARKETING_VERSION = 1.0;
				PRODUCT_BUNDLE_IDENTIFIER = com.fernando.Quizzler;
				PRODUCT_NAME = "$(TARGET_NAME)";
				SWIFT_EMIT_LOC_STRINGS = YES;
				SWIFT_VERSION = 5.0;
				TARGETED_DEVICE_FAMILY = "1,2";
			};
			name = Release;
		};
		24BE7DF52730A3CD00BEFEDD /* Debug */ = {
			isa = XCBuildConfiguration;
			buildSettings = {
				ALWAYS_EMBED_SWIFT_STANDARD_LIBRARIES = YES;
				BUNDLE_LOADER = "$(TEST_HOST)";
				CODE_SIGN_STYLE = Automatic;
				CURRENT_PROJECT_VERSION = 1;
				DEVELOPMENT_TEAM = WA88YFL86G;
				GENERATE_INFOPLIST_FILE = YES;
				IPHONEOS_DEPLOYMENT_TARGET = 15.0;
				LD_RUNPATH_SEARCH_PATHS = (
					"$(inherited)",
					"@executable_path/Frameworks",
					"@loader_path/Frameworks",
				);
				MARKETING_VERSION = 1.0;
				PRODUCT_BUNDLE_IDENTIFIER = com.fernando.QuizzlerTests;
				PRODUCT_NAME = "$(TARGET_NAME)";
				SWIFT_EMIT_LOC_STRINGS = NO;
				SWIFT_VERSION = 5.0;
				TARGETED_DEVICE_FAMILY = "1,2";
				TEST_HOST = "$(BUILT_PRODUCTS_DIR)/Quizzler.app/Quizzler";
			};
			name = Debug;
		};
		24BE7DF62730A3CD00BEFEDD /* Release */ = {
			isa = XCBuildConfiguration;
			buildSettings = {
				ALWAYS_EMBED_SWIFT_STANDARD_LIBRARIES = YES;
				BUNDLE_LOADER = "$(TEST_HOST)";
				CODE_SIGN_STYLE = Automatic;
				CURRENT_PROJECT_VERSION = 1;
				DEVELOPMENT_TEAM = WA88YFL86G;
				GENERATE_INFOPLIST_FILE = YES;
				IPHONEOS_DEPLOYMENT_TARGET = 15.0;
				LD_RUNPATH_SEARCH_PATHS = (
					"$(inherited)",
					"@executable_path/Frameworks",
					"@loader_path/Frameworks",
				);
				MARKETING_VERSION = 1.0;
				PRODUCT_BUNDLE_IDENTIFIER = com.fernando.QuizzlerTests;
				PRODUCT_NAME = "$(TARGET_NAME)";
				SWIFT_EMIT_LOC_STRINGS = NO;
				SWIFT_VERSION = 5.0;
				TARGETED_DEVICE_FAMILY = "1,2";
				TEST_HOST = "$(BUILT_PRODUCTS_DIR)/Quizzler.app/Quizzler";
			};
			name = Release;
		};
		24BE7DF82730A3CD00BEFEDD /* Debug */ = {
			isa = XCBuildConfiguration;
			buildSettings = {
				ALWAYS_EMBED_SWIFT_STANDARD_LIBRARIES = YES;
				CODE_SIGN_STYLE = Automatic;
				CURRENT_PROJECT_VERSION = 1;
				DEVELOPMENT_TEAM = WA88YFL86G;
				GENERATE_INFOPLIST_FILE = YES;
				LD_RUNPATH_SEARCH_PATHS = (
					"$(inherited)",
					"@executable_path/Frameworks",
					"@loader_path/Frameworks",
				);
				MARKETING_VERSION = 1.0;
				PRODUCT_BUNDLE_IDENTIFIER = com.fernando.QuizzlerUITests;
				PRODUCT_NAME = "$(TARGET_NAME)";
				SWIFT_EMIT_LOC_STRINGS = NO;
				SWIFT_VERSION = 5.0;
				TARGETED_DEVICE_FAMILY = "1,2";
				TEST_TARGET_NAME = Quizzler;
			};
			name = Debug;
		};
		24BE7DF92730A3CD00BEFEDD /* Release */ = {
			isa = XCBuildConfiguration;
			buildSettings = {
				ALWAYS_EMBED_SWIFT_STANDARD_LIBRARIES = YES;
				CODE_SIGN_STYLE = Automatic;
				CURRENT_PROJECT_VERSION = 1;
				DEVELOPMENT_TEAM = WA88YFL86G;
				GENERATE_INFOPLIST_FILE = YES;
				LD_RUNPATH_SEARCH_PATHS = (
					"$(inherited)",
					"@executable_path/Frameworks",
					"@loader_path/Frameworks",
				);
				MARKETING_VERSION = 1.0;
				PRODUCT_BUNDLE_IDENTIFIER = com.fernando.QuizzlerUITests;
				PRODUCT_NAME = "$(TARGET_NAME)";
				SWIFT_EMIT_LOC_STRINGS = NO;
				SWIFT_VERSION = 5.0;
				TARGETED_DEVICE_FAMILY = "1,2";
				TEST_TARGET_NAME = Quizzler;
			};
			name = Release;
		};
/* End XCBuildConfiguration section */

/* Begin XCConfigurationList section */
		24BE7DC22730A3CC00BEFEDD /* Build configuration list for PBXProject "Quizzler" */ = {
			isa = XCConfigurationList;
			buildConfigurations = (
				24BE7DEF2730A3CD00BEFEDD /* Debug */,
				24BE7DF02730A3CD00BEFEDD /* Release */,
			);
			defaultConfigurationIsVisible = 0;
			defaultConfigurationName = Release;
		};
		24BE7DF12730A3CD00BEFEDD /* Build configuration list for PBXNativeTarget "Quizzler" */ = {
			isa = XCConfigurationList;
			buildConfigurations = (
				24BE7DF22730A3CD00BEFEDD /* Debug */,
				24BE7DF32730A3CD00BEFEDD /* Release */,
			);
			defaultConfigurationIsVisible = 0;
			defaultConfigurationName = Release;
		};
		24BE7DF42730A3CD00BEFEDD /* Build configuration list for PBXNativeTarget "QuizzlerTests" */ = {
			isa = XCConfigurationList;
			buildConfigurations = (
				24BE7DF52730A3CD00BEFEDD /* Debug */,
				24BE7DF62730A3CD00BEFEDD /* Release */,
			);
			defaultConfigurationIsVisible = 0;
			defaultConfigurationName = Release;
		};
		24BE7DF72730A3CD00BEFEDD /* Build configuration list for PBXNativeTarget "QuizzlerUITests" */ = {
			isa = XCConfigurationList;
			buildConfigurations = (
				24BE7DF82730A3CD00BEFEDD /* Debug */,
				24BE7DF92730A3CD00BEFEDD /* Release */,
			);
			defaultConfigurationIsVisible = 0;
			defaultConfigurationName = Release;
		};
/* End XCConfigurationList section */
	};
	rootObject = 24BE7DBF2730A3CC00BEFEDD /* Project object */;
}
